
Microsoft Visual Studio Solution File, Format Version 12.00
# Visual Studio Version 16
VisualStudioVersion = 16.0.29709.97
MinimumVisualStudioVersion = 10.0.40219.1
Project("{2150E333-8FDC-42A3-9474-1A3956D46DE8}") = "WebApplications", "WebApplications", "{0A642E4C-3BD9-487F-987D-E11AC1F3E39A}"
EndProject
Project("{2150E333-8FDC-42A3-9474-1A3956D46DE8}") = "Main", "Main", "{EC4D1073-5547-4C48-BEEE-A28BF484A1D6}"
EndProject
Project("{2150E333-8FDC-42A3-9474-1A3956D46DE8}") = "Resources", "Resources", "{08724265-1D37-4E59-9E83-7DBC1E2818FA}"
EndProject
Project("{2150E333-8FDC-42A3-9474-1A3956D46DE8}") = "Test", "Test", "{AEB2E790-252F-4BE2-BC79-CA5267AABCB1}"
EndProject
Project("{9A19103F-16F7-4668-BE54-9A1E7A4F7556}") = "Common", "Common\Common.csproj", "{D66A9875-EF11-44A8-89C1-CA81FF70F5D3}"
EndProject
Project("{9A19103F-16F7-4668-BE54-9A1E7A4F7556}") = "Data", "Data\Data.csproj", "{78623B48-F3EA-41E2-BFBD-1709E64CE257}"
EndProject
Project("{9A19103F-16F7-4668-BE54-9A1E7A4F7556}") = "Repository", "Repository\Repository.csproj", "{BB267C3B-87E3-4ADB-842C-2E6AC5DDF7B3}"
EndProject
Project("{9A19103F-16F7-4668-BE54-9A1E7A4F7556}") = "Service", "Service\Service.csproj", "{A9168FD5-DC33-47A6-914E-2DCC58369B06}"
EndProject
Project("{9A19103F-16F7-4668-BE54-9A1E7A4F7556}") = "API", "API\API.csproj", "{EC3FB72E-EE23-447D-A1A4-33A60E0741B1}"
EndProject
Project("{9A19103F-16F7-4668-BE54-9A1E7A4F7556}") = "Dashboard", "Dashboard\Dashboard.csproj", "{F36FC45F-E570-4CDD-8AA0-CA4CDC0E9D67}"
EndProject
Project("{9A19103F-16F7-4668-BE54-9A1E7A4F7556}") = "Frontend", "Frontend\Frontend.csproj", "{B90AC17D-B53F-458A-9092-8CF23EEE1266}"
EndProject
Project("{9A19103F-16F7-4668-BE54-9A1E7A4F7556}") = "ViewModel", "ViewModel\ViewModel.csproj", "{60DD4AB4-B278-445E-AEE6-F959FA1759F5}"
EndProject
Global
	GlobalSection(SolutionConfigurationPlatforms) = preSolution
		Debug|Any CPU = Debug|Any CPU
		Release|Any CPU = Release|Any CPU
	EndGlobalSection
	GlobalSection(ProjectConfigurationPlatforms) = postSolution
		{D66A9875-EF11-44A8-89C1-CA81FF70F5D3}.Debug|Any CPU.ActiveCfg = Debug|Any CPU
		{D66A9875-EF11-44A8-89C1-CA81FF70F5D3}.Debug|Any CPU.Build.0 = Debug|Any CPU
		{D66A9875-EF11-44A8-89C1-CA81FF70F5D3}.Release|Any CPU.ActiveCfg = Release|Any CPU
		{D66A9875-EF11-44A8-89C1-CA81FF70F5D3}.Release|Any CPU.Build.0 = Release|Any CPU
		{78623B48-F3EA-41E2-BFBD-1709E64CE257}.Debug|Any CPU.ActiveCfg = Debug|Any CPU
		{78623B48-F3EA-41E2-BFBD-1709E64CE257}.Debug|Any CPU.Build.0 = Debug|Any CPU
		{78623B48-F3EA-41E2-BFBD-1709E64CE257}.Release|Any CPU.ActiveCfg = Release|Any CPU
		{78623B48-F3EA-41E2-BFBD-1709E64CE257}.Release|Any CPU.Build.0 = Release|Any CPU
		{BB267C3B-87E3-4ADB-842C-2E6AC5DDF7B3}.Debug|Any CPU.ActiveCfg = Debug|Any CPU
		{BB267C3B-87E3-4ADB-842C-2E6AC5DDF7B3}.Debug|Any CPU.Build.0 = Debug|Any CPU
		{BB267C3B-87E3-4ADB-842C-2E6AC5DDF7B3}.Release|Any CPU.ActiveCfg = Release|Any CPU
		{BB267C3B-87E3-4ADB-842C-2E6AC5DDF7B3}.Release|Any CPU.Build.0 = Release|Any CPU
		{A9168FD5-DC33-47A6-914E-2DCC58369B06}.Debug|Any CPU.ActiveCfg = Debug|Any CPU
		{A9168FD5-DC33-47A6-914E-2DCC58369B06}.Debug|Any CPU.Build.0 = Debug|Any CPU
		{A9168FD5-DC33-47A6-914E-2DCC58369B06}.Release|Any CPU.ActiveCfg = Release|Any CPU
		{A9168FD5-DC33-47A6-914E-2DCC58369B06}.Release|Any CPU.Build.0 = Release|Any CPU
		{EC3FB72E-EE23-447D-A1A4-33A60E0741B1}.Debug|Any CPU.ActiveCfg = Debug|Any CPU
		{EC3FB72E-EE23-447D-A1A4-33A60E0741B1}.Debug|Any CPU.Build.0 = Debug|Any CPU
		{EC3FB72E-EE23-447D-A1A4-33A60E0741B1}.Release|Any CPU.ActiveCfg = Release|Any CPU
		{EC3FB72E-EE23-447D-A1A4-33A60E0741B1}.Release|Any CPU.Build.0 = Release|Any CPU
		{F36FC45F-E570-4CDD-8AA0-CA4CDC0E9D67}.Debug|Any CPU.ActiveCfg = Debug|Any CPU
		{F36FC45F-E570-4CDD-8AA0-CA4CDC0E9D67}.Debug|Any CPU.Build.0 = Debug|Any CPU
		{F36FC45F-E570-4CDD-8AA0-CA4CDC0E9D67}.Release|Any CPU.ActiveCfg = Release|Any CPU
		{F36FC45F-E570-4CDD-8AA0-CA4CDC0E9D67}.Release|Any CPU.Build.0 = Release|Any CPU
		{B90AC17D-B53F-458A-9092-8CF23EEE1266}.Debug|Any CPU.ActiveCfg = Debug|Any CPU
		{B90AC17D-B53F-458A-9092-8CF23EEE1266}.Debug|Any CPU.Build.0 = Debug|Any CPU
		{B90AC17D-B53F-458A-9092-8CF23EEE1266}.Release|Any CPU.ActiveCfg = Release|Any CPU
		{B90AC17D-B53F-458A-9092-8CF23EEE1266}.Release|Any CPU.Build.0 = Release|Any CPU
		{60DD4AB4-B278-445E-AEE6-F959FA1759F5}.Debug|Any CPU.ActiveCfg = Debug|Any CPU
		{60DD4AB4-B278-445E-AEE6-F959FA1759F5}.Debug|Any CPU.Build.0 = Debug|Any CPU
		{60DD4AB4-B278-445E-AEE6-F959FA1759F5}.Release|Any CPU.ActiveCfg = Release|Any CPU
		{60DD4AB4-B278-445E-AEE6-F959FA1759F5}.Release|Any CPU.Build.0 = Release|Any CPU
	EndGlobalSection
	GlobalSection(SolutionProperties) = preSolution
		HideSolutionNode = FALSE
	EndGlobalSection
	GlobalSection(NestedProjects) = preSolution
		{D66A9875-EF11-44A8-89C1-CA81FF70F5D3} = {EC4D1073-5547-4C48-BEEE-A28BF484A1D6}
		{78623B48-F3EA-41E2-BFBD-1709E64CE257} = {EC4D1073-5547-4C48-BEEE-A28BF484A1D6}
		{BB267C3B-87E3-4ADB-842C-2E6AC5DDF7B3} = {EC4D1073-5547-4C48-BEEE-A28BF484A1D6}
		{A9168FD5-DC33-47A6-914E-2DCC58369B06} = {EC4D1073-5547-4C48-BEEE-A28BF484A1D6}
		{EC3FB72E-EE23-447D-A1A4-33A60E0741B1} = {0A642E4C-3BD9-487F-987D-E11AC1F3E39A}
		{F36FC45F-E570-4CDD-8AA0-CA4CDC0E9D67} = {0A642E4C-3BD9-487F-987D-E11AC1F3E39A}
		{B90AC17D-B53F-458A-9092-8CF23EEE1266} = {0A642E4C-3BD9-487F-987D-E11AC1F3E39A}
		{60DD4AB4-B278-445E-AEE6-F959FA1759F5} = {0A642E4C-3BD9-487F-987D-E11AC1F3E39A}
	EndGlobalSection
	GlobalSection(ExtensibilityGlobals) = postSolution
		SolutionGuid = {6CA7C74E-4363-43B2-AA55-A510C39A293C}
	EndGlobalSection
EndGlobal
